
Microsoft Visual Studio Solution File, Format Version 12.00
# Visual Studio Version 17
VisualStudioVersion = 17.2.32616.157
MinimumVisualStudioVersion = 10.0.40219.1
Project("{9A19103F-16F7-4668-BE54-9A1E7A4F7556}") = "TP_CourseWork", "TP_CourseWork\TP_CourseWork.csproj", "{34651DC7-B252-4AB6-943C-C484F1F24167}"
EndProject
Project("{FAE04EC0-301F-11D3-BF4B-00C04F79EFBC}") = "PT_CourseWorkTests", "PT_CourseWorkTests\PT_CourseWorkTests.csproj", "{0DEBF868-C091-4317-B2A1-628471E1ADCF}"
EndProject
Global
	GlobalSection(SolutionConfigurationPlatforms) = preSolution
		Debug|Any CPU = Debug|Any CPU
		Release|Any CPU = Release|Any CPU
	EndGlobalSection
	GlobalSection(ProjectConfigurationPlatforms) = postSolution
		{34651DC7-B252-4AB6-943C-C484F1F24167}.Debug|Any CPU.ActiveCfg = Debug|Any CPU
		{34651DC7-B252-4AB6-943C-C484F1F24167}.Debug|Any CPU.Build.0 = Debug|Any CPU
		{34651DC7-B252-4AB6-943C-C484F1F24167}.Release|Any CPU.ActiveCfg = Release|Any CPU
		{34651DC7-B252-4AB6-943C-C484F1F24167}.Release|Any CPU.Build.0 = Release|Any CPU
		{0DEBF868-C091-4317-B2A1-628471E1ADCF}.Debug|Any CPU.ActiveCfg = Debug|Any CPU
		{0DEBF868-C091-4317-B2A1-628471E1ADCF}.Debug|Any CPU.Build.0 = Debug|Any CPU
		{0DEBF868-C091-4317-B2A1-628471E1ADCF}.Release|Any CPU.ActiveCfg = Release|Any CPU
		{0DEBF868-C091-4317-B2A1-628471E1ADCF}.Release|Any CPU.Build.0 = Release|Any CPU
	EndGlobalSection
	GlobalSection(SolutionProperties) = preSolution
		HideSolutionNode = FALSE
	EndGlobalSection
	GlobalSection(ExtensibilityGlobals) = postSolution
		SolutionGuid = {9801EF54-E0BC-4AB9-ADDD-08C5810C59B8}
	EndGlobalSection
EndGlobal
